
Microsoft Visual Studio Solution File, Format Version 12.00
# Visual Studio Version 16
VisualStudioVersion = 16.0.29613.14
MinimumVisualStudioVersion = 10.0.40219.1
Project("{FAE04EC0-301F-11D3-BF4B-00C04F79EFBC}") = "RollReminder", "RollReminder.csproj", "{74ADA98F-6653-4D8C-B43D-F07B0252CCE1}"
EndProject
Global
	GlobalSection(SolutionConfigurationPlatforms) = preSolution
		Debug|Any CPU = Debug|Any CPU
		Release|Any CPU = Release|Any CPU
	EndGlobalSection
	GlobalSection(ProjectConfigurationPlatforms) = postSolution
		{74ADA98F-6653-4D8C-B43D-F07B0252CCE1}.Debug|Any CPU.ActiveCfg = Debug|Any CPU
		{74ADA98F-6653-4D8C-B43D-F07B0252CCE1}.Debug|Any CPU.Build.0 = Debug|Any CPU
		{74ADA98F-6653-4D8C-B43D-F07B0252CCE1}.Release|Any CPU.ActiveCfg = Release|Any CPU
		{74ADA98F-6653-4D8C-B43D-F07B0252CCE1}.Release|Any CPU.Build.0 = Release|Any CPU
	EndGlobalSection
	GlobalSection(SolutionProperties) = preSolution
		HideSolutionNode = FALSE
	EndGlobalSection
	GlobalSection(ExtensibilityGlobals) = postSolution
		SolutionGuid = {81AD8EC8-9A4A-4581-9F47-53289A39B9C6}
	EndGlobalSection
EndGlobal
